
Microsoft Visual Studio Solution File, Format Version 12.00
# Visual Studio 15
VisualStudioVersion = 15.0.28010.2016
MinimumVisualStudioVersion = 10.0.40219.1
Project("{FAE04EC0-301F-11D3-BF4B-00C04F79EFBC}") = "SwapiApi", "SwapiApi\SwapiApi.csproj", "{1E7823B6-A788-4B1C-AB20-66A90CD8708F}"
EndProject
Global
	GlobalSection(SolutionConfigurationPlatforms) = preSolution
		Debug|Any CPU = Debug|Any CPU
		Release|Any CPU = Release|Any CPU
	EndGlobalSection
	GlobalSection(ProjectConfigurationPlatforms) = postSolution
		{1E7823B6-A788-4B1C-AB20-66A90CD8708F}.Debug|Any CPU.ActiveCfg = Debug|Any CPU
		{1E7823B6-A788-4B1C-AB20-66A90CD8708F}.Debug|Any CPU.Build.0 = Debug|Any CPU
		{1E7823B6-A788-4B1C-AB20-66A90CD8708F}.Release|Any CPU.ActiveCfg = Release|Any CPU
		{1E7823B6-A788-4B1C-AB20-66A90CD8708F}.Release|Any CPU.Build.0 = Release|Any CPU
	EndGlobalSection
	GlobalSection(SolutionProperties) = preSolution
		HideSolutionNode = FALSE
	EndGlobalSection
	GlobalSection(ExtensibilityGlobals) = postSolution
		SolutionGuid = {B1D66722-BAEB-4823-A98B-352D3E142306}
	EndGlobalSection
EndGlobal
